Microsoft Visual Studio Solution File, Format Version 12.00
# Visual Studio Version 17
VisualStudioVersion = 17.5.2.0
MinimumVisualStudioVersion = 10.0.40219.1
Project("{2150E333-8FDC-42A3-9474-1A3956D46DE8}") = "modul5", "modul5", "{D1044229-D307-E457-5C98-29C93D6A7EE0}"
EndProject
Project("{FAE04EC0-301F-11D3-BF4B-00C04F79EFBC}") = "server", "modul5\server\server.csproj", "{13472E2A-2A60-25CA-A7BD-901305902F58}"
EndProject
Global
	GlobalSection(SolutionConfigurationPlatforms) = preSolution
		Debug|Any CPU = Debug|Any CPU
		Release|Any CPU = Release|Any CPU
	EndGlobalSection
	GlobalSection(ProjectConfigurationPlatforms) = postSolution
		{13472E2A-2A60-25CA-A7BD-901305902F58}.Debug|Any CPU.ActiveCfg = Debug|Any CPU
		{13472E2A-2A60-25CA-A7BD-901305902F58}.Debug|Any CPU.Build.0 = Debug|Any CPU
		{13472E2A-2A60-25CA-A7BD-901305902F58}.Release|Any CPU.ActiveCfg = Release|Any CPU
		{13472E2A-2A60-25CA-A7BD-901305902F58}.Release|Any CPU.Build.0 = Release|Any CPU
	EndGlobalSection
	GlobalSection(SolutionProperties) = preSolution
		HideSolutionNode = FALSE
	EndGlobalSection
	GlobalSection(NestedProjects) = preSolution
		{13472E2A-2A60-25CA-A7BD-901305902F58} = {D1044229-D307-E457-5C98-29C93D6A7EE0}
	EndGlobalSection
	GlobalSection(ExtensibilityGlobals) = postSolution
		SolutionGuid = {F15C9EFC-280D-49E1-854C-72722E2A2AA8}
	EndGlobalSection
EndGlobal
